// !$*UTF8*$!
{
	archiveVersion = 1;
	classes = {
	};
	objectVersion = 56;
	objects = {

/* Begin PBXBuildFile section */
		558EAD852BE7E1A300613667 /* Basic_ViewsApp.swift in Sources */ = {isa = PBXBuildFile; fileRef = 558EAD842BE7E1A300613667 /* Basic_ViewsApp.swift */; };
		558EAD872BE7E1A300613667 /* ContentView.swift in Sources */ = {isa = PBXBuildFile; fileRef = 558EAD862BE7E1A300613667 /* ContentView.swift */; };
		558EAD892BE7E1A500613667 /* Assets.xcassets in Resources */ = {isa = PBXBuildFile; fileRef = 558EAD882BE7E1A500613667 /* Assets.xcassets */; };
		558EAD8C2BE7E1A500613667 /* Preview Assets.xcassets in Resources */ = {isa = PBXBuildFile; fileRef = 558EAD8B2BE7E1A500613667 /* Preview Assets.xcassets */; };
		558EAD962BE7E1A500613667 /* Basic_ViewsTests.swift in Sources */ = {isa = PBXBuildFile; fileRef = 558EAD952BE7E1A500613667 /* Basic_ViewsTests.swift */; };
		558EADA02BE7E1A500613667 /* Basic_ViewsUITests.swift in Sources */ = {isa = PBXBuildFile; fileRef = 558EAD9F2BE7E1A500613667 /* Basic_ViewsUITests.swift */; };
		558EADA22BE7E1A500613667 /* Basic_ViewsUITestsLaunchTests.swift in Sources */ = {isa = PBXBuildFile; fileRef = 558EADA12BE7E1A500613667 /* Basic_ViewsUITestsLaunchTests.swift */; };
		558EAE1D2BE87B9900613667 /* VStackView.swift in Sources */ = {isa = PBXBuildFile; fileRef = 558EAE1C2BE87B9900613667 /* VStackView.swift */; };
		558EAE1F2BE87C0200613667 /* HStackView.swift in Sources */ = {isa = PBXBuildFile; fileRef = 558EAE1E2BE87C0200613667 /* HStackView.swift */; };
		558EAE212BE87C2600613667 /* ZStackView.swift in Sources */ = {isa = PBXBuildFile; fileRef = 558EAE202BE87C2600613667 /* ZStackView.swift */; };
		558EAE252BE87C6E00613667 /* SpacerView.swift in Sources */ = {isa = PBXBuildFile; fileRef = 558EAE242BE87C6E00613667 /* SpacerView.swift */; };
		558EAE272BE880B000613667 /* PhotoView.swift in Sources */ = {isa = PBXBuildFile; fileRef = 558EAE262BE880B000613667 /* PhotoView.swift */; };
/* End PBXBuildFile section */

/* Begin PBXContainerItemProxy section */
		558EAD922BE7E1A500613667 /* PBXContainerItemProxy */ = {
			isa = PBXContainerItemProxy;
			containerPortal = 558EAD792BE7E1A300613667 /* Project object */;
			proxyType = 1;
			remoteGlobalIDString = 558EAD802BE7E1A300613667;
			remoteInfo = "Basic Views";
		};
		558EAD9C2BE7E1A500613667 /* PBXContainerItemProxy */ = {
			isa = PBXContainerItemProxy;
			containerPortal = 558EAD792BE7E1A300613667 /* Project object */;
			proxyType = 1;
			remoteGlobalIDString = 558EAD802BE7E1A300613667;
			remoteInfo = "Basic Views";
		};
/* End PBXContainerItemProxy section */

/* Begin PBXFileReference section */
		558EAD812BE7E1A300613667 /* Basic Views.app */ = {isa = PBXFileReference; explicitFileType = wrapper.application; includeInIndex = 0; path = "Basic Views.app"; sourceTree = BUILT_PRODUCTS_DIR; };
		558EAD842BE7E1A300613667 /* Basic_ViewsApp.swift */ = {isa = PBXFileReference; lastKnownFileType = sourcecode.swift; path = Basic_ViewsApp.swift; sourceTree = "<group>"; };
		558EAD862BE7E1A300613667 /* ContentView.swift */ = {isa = PBXFileReference; lastKnownFileType = sourcecode.swift; path = ContentView.swift; sourceTree = "<group>"; };
		558EAD882BE7E1A500613667 /* Assets.xcassets */ = {isa = PBXFileReference; lastKnownFileType = folder.assetcatalog; path = Assets.xcassets; sourceTree = "<group>"; };
		558EAD8B2BE7E1A500613667 /* Preview Assets.xcassets */ = {isa = PBXFileReference; lastKnownFileType = folder.assetcatalog; path = "Preview Assets.xcassets"; sourceTree = "<group>"; };
		558EAD912BE7E1A500613667 /* Basic ViewsTests.xctest */ = {isa = PBXFileReference; explicitFileType = wrapper.cfbundle; includeInIndex = 0; path = "Basic ViewsTests.xctest"; sourceTree = BUILT_PRODUCTS_DIR; };
		558EAD952BE7E1A500613667 /* Basic_ViewsTests.swift */ = {isa = PBXFileReference; lastKnownFileType = sourcecode.swift; path = Basic_ViewsTests.swift; sourceTree = "<group>"; };
		558EAD9B2BE7E1A500613667 /* Basic ViewsUITests.xctest */ = {isa = PBXFileReference; explicitFileType = wrapper.cfbundle; includeInIndex = 0; path = "Basic ViewsUITests.xctest"; sourceTree = BUILT_PRODUCTS_DIR; };
		558EAD9F2BE7E1A500613667 /* Basic_ViewsUITests.swift */ = {isa = PBXFileReference; lastKnownFileType = sourcecode.swift; path = Basic_ViewsUITests.swift; sourceTree = "<group>"; };
		558EADA12BE7E1A500613667 /* Basic_ViewsUITestsLaunchTests.swift */ = {isa = PBXFileReference; lastKnownFileType = sourcecode.swift; path = Basic_ViewsUITestsLaunchTests.swift; sourceTree = "<group>"; };
		558EAE1C2BE87B9900613667 /* VStackView.swift */ = {isa = PBXFileReference; lastKnownFileType = sourcecode.swift; path = VStackView.swift; sourceTree = "<group>"; };
		558EAE1E2BE87C0200613667 /* HStackView.swift */ = {isa = PBXFileReference; lastKnownFileType = sourcecode.swift; path = HStackView.swift; sourceTree = "<group>"; };
		558EAE202BE87C2600613667 /* ZStackView.swift */ = {isa = PBXFileReference; lastKnownFileType = sourcecode.swift; path = ZStackView.swift; sourceTree = "<group>"; };
		558EAE242BE87C6E00613667 /* SpacerView.swift */ = {isa = PBXFileReference; lastKnownFileType = sourcecode.swift; path = SpacerView.swift; sourceTree = "<group>"; };
		558EAE262BE880B000613667 /* PhotoView.swift */ = {isa = PBXFileReference; lastKnownFileType = sourcecode.swift; path = PhotoView.swift; sourceTree = "<group>"; };
/* End PBXFileReference section */

/* Begin PBXFrameworksBuildPhase section */
		558EAD7E2BE7E1A300613667 /* Frameworks */ = {
			isa = PBXFrameworksBuildPhase;
			buildActionMask = 2147483647;
			files = (
			);
			runOnlyForDeploymentPostprocessing = 0;
		};
		558EAD8E2BE7E1A500613667 /* Frameworks */ = {
			isa = PBXFrameworksBuildPhase;
			buildActionMask = 2147483647;
			files = (
			);
			runOnlyForDeploymentPostprocessing = 0;
		};
		558EAD982BE7E1A500613667 /* Frameworks */ = {
			isa = PBXFrameworksBuildPhase;
			buildActionMask = 2147483647;
			files = (
			);
			runOnlyForDeploymentPostprocessing = 0;
		};
/* End PBXFrameworksBuildPhase section */

/* Begin PBXGroup section */
		558EAD782BE7E1A300613667 = {
			isa = PBXGroup;
			children = (
				558EAD832BE7E1A300613667 /* Basic Views */,
				558EAD942BE7E1A500613667 /* Basic ViewsTests */,
				558EAD9E2BE7E1A500613667 /* Basic ViewsUITests */,
				558EAD822BE7E1A300613667 /* Products */,
			);
			sourceTree = "<group>";
		};
		558EAD822BE7E1A300613667 /* Products */ = {
			isa = PBXGroup;
			children = (
				558EAD812BE7E1A300613667 /* Basic Views.app */,
				558EAD912BE7E1A500613667 /* Basic ViewsTests.xctest */,
				558EAD9B2BE7E1A500613667 /* Basic ViewsUITests.xctest */,
			);
			name = Products;
			sourceTree = "<group>";
		};
		558EAD832BE7E1A300613667 /* Basic Views */ = {
			isa = PBXGroup;
			children = (
				558EAE1B2BE87B7C00613667 /* views */,
				558EAD842BE7E1A300613667 /* Basic_ViewsApp.swift */,
				558EAD862BE7E1A300613667 /* ContentView.swift */,
				558EAD882BE7E1A500613667 /* Assets.xcassets */,
				558EAD8A2BE7E1A500613667 /* Preview Content */,
			);
			path = "Basic Views";
			sourceTree = "<group>";
		};
		558EAD8A2BE7E1A500613667 /* Preview Content */ = {
			isa = PBXGroup;
			children = (
				558EAD8B2BE7E1A500613667 /* Preview Assets.xcassets */,
			);
			path = "Preview Content";
			sourceTree = "<group>";
		};
		558EAD942BE7E1A500613667 /* Basic ViewsTests */ = {
			isa = PBXGroup;
			children = (
				558EAD952BE7E1A500613667 /* Basic_ViewsTests.swift */,
			);
			path = "Basic ViewsTests";
			sourceTree = "<group>";
		};
		558EAD9E2BE7E1A500613667 /* Basic ViewsUITests */ = {
			isa = PBXGroup;
			children = (
				558EAD9F2BE7E1A500613667 /* Basic_ViewsUITests.swift */,
				558EADA12BE7E1A500613667 /* Basic_ViewsUITestsLaunchTests.swift */,
			);
			path = "Basic ViewsUITests";
			sourceTree = "<group>";
		};
		558EAE1B2BE87B7C00613667 /* views */ = {
			isa = PBXGroup;
			children = (
				558EAE1C2BE87B9900613667 /* VStackView.swift */,
				558EAE1E2BE87C0200613667 /* HStackView.swift */,
				558EAE202BE87C2600613667 /* ZStackView.swift */,
				558EAE242BE87C6E00613667 /* SpacerView.swift */,
				558EAE262BE880B000613667 /* PhotoView.swift */,
			);
			path = views;
			sourceTree = "<group>";
		};
/* End PBXGroup section */

/* Begin PBXNativeTarget section */
		558EAD802BE7E1A300613667 /* Basic Views */ = {
			isa = PBXNativeTarget;
			buildConfigurationList = 558EADA52BE7E1A500613667 /* Build configuration list for PBXNativeTarget "Basic Views" */;
			buildPhases = (
				558EAD7D2BE7E1A300613667 /* Sources */,
				558EAD7E2BE7E1A300613667 /* Frameworks */,
				558EAD7F2BE7E1A300613667 /* Resources */,
			);
			buildRules = (
			);
			dependencies = (
			);
			name = "Basic Views";
			productName = "Basic Views";
			productReference = 558EAD812BE7E1A300613667 /* Basic Views.app */;
			productType = "com.apple.product-type.application";
		};
		558EAD902BE7E1A500613667 /* Basic ViewsTests */ = {
			isa = PBXNativeTarget;
			buildConfigurationList = 558EADA82BE7E1A500613667 /* Build configuration list for PBXNativeTarget "Basic ViewsTests" */;
			buildPhases = (
				558EAD8D2BE7E1A500613667 /* Sources */,
				558EAD8E2BE7E1A500613667 /* Frameworks */,
				558EAD8F2BE7E1A500613667 /* Resources */,
			);
			buildRules = (
			);
			dependencies = (
				558EAD932BE7E1A500613667 /* PBXTargetDependency */,
			);
			name = "Basic ViewsTests";
			productName = "Basic ViewsTests";
			productReference = 558EAD912BE7E1A500613667 /* Basic ViewsTests.xctest */;
			productType = "com.apple.product-type.bundle.unit-test";
		};
		558EAD9A2BE7E1A500613667 /* Basic ViewsUITests */ = {
			isa = PBXNativeTarget;
			buildConfigurationList = 558EADAB2BE7E1A500613667 /* Build configuration list for PBXNativeTarget "Basic ViewsUITests" */;
			buildPhases = (
				558EAD972BE7E1A500613667 /* Sources */,
				558EAD982BE7E1A500613667 /* Frameworks */,
				558EAD992BE7E1A500613667 /* Resources */,
			);
			buildRules = (
			);
			dependencies = (
				558EAD9D2BE7E1A500613667 /* PBXTargetDependency */,
			);
			name = "Basic ViewsUITests";
			productName = "Basic ViewsUITests";
			productReference = 558EAD9B2BE7E1A500613667 /* Basic ViewsUITests.xctest */;
			productType = "com.apple.product-type.bundle.ui-testing";
		};
/* End PBXNativeTarget section */

/* Begin PBXProject section */
		558EAD792BE7E1A300613667 /* Project object */ = {
			isa = PBXProject;
			attributes = {
				BuildIndependentTargetsInParallel = 1;
				LastSwiftUpdateCheck = 1510;
				LastUpgradeCheck = 1510;
				TargetAttributes = {
					558EAD802BE7E1A300613667 = {
						CreatedOnToolsVersion = 15.1;
					};
					558EAD902BE7E1A500613667 = {
						CreatedOnToolsVersion = 15.1;
						TestTargetID = 558EAD802BE7E1A300613667;
					};
					558EAD9A2BE7E1A500613667 = {
						CreatedOnToolsVersion = 15.1;
						TestTargetID = 558EAD802BE7E1A300613667;
					};
				};
			};
			buildConfigurationList = 558EAD7C2BE7E1A300613667 /* Build configuration list for PBXProject "Basic Views" */;
			compatibilityVersion = "Xcode 14.0";
			developmentRegion = en;
			hasScannedForEncodings = 0;
			knownRegions = (
				en,
				Base,
			);
			mainGroup = 558EAD782BE7E1A300613667;
			productRefGroup = 558EAD822BE7E1A300613667 /* Products */;
			projectDirPath = "";
			projectRoot = "";
			targets = (
				558EAD802BE7E1A300613667 /* Basic Views */,
				558EAD902BE7E1A500613667 /* Basic ViewsTests */,
				558EAD9A2BE7E1A500613667 /* Basic ViewsUITests */,
			);
		};
/* End PBXProject section */

/* Begin PBXResourcesBuildPhase section */
		558EAD7F2BE7E1A300613667 /* Resources */ = {
			isa = PBXResourcesBuildPhase;
			buildActionMask = 2147483647;
			files = (
				558EAD8C2BE7E1A500613667 /* Preview Assets.xcassets in Resources */,
				558EAD892BE7E1A500613667 /* Assets.xcassets in Resources */,
			);
			runOnlyForDeploymentPostprocessing = 0;
		};
		558EAD8F2BE7E1A500613667 /* Resources */ = {
			isa = PBXResourcesBuildPhase;
			buildActionMask = 2147483647;
			files = (
			);
			runOnlyForDeploymentPostprocessing = 0;
		};
		558EAD992BE7E1A500613667 /* Resources */ = {
			isa = PBXResourcesBuildPhase;
			buildActionMask = 2147483647;
			files = (
			);
			runOnlyForDeploymentPostprocessing = 0;
		};
/* End PBXResourcesBuildPhase section */

/* Begin PBXSourcesBuildPhase section */
		558EAD7D2BE7E1A300613667 /* Sources */ = {
			isa = PBXSourcesBuildPhase;
			buildActionMask = 2147483647;
			files = (
				558EAE1F2BE87C0200613667 /* HStackView.swift in Sources */,
				558EAE1D2BE87B9900613667 /* VStackView.swift in Sources */,
				558EAE272BE880B000613667 /* PhotoView.swift in Sources */,
				558EAE252BE87C6E00613667 /* SpacerView.swift in Sources */,
				558EAE212BE87C2600613667 /* ZStackView.swift in Sources */,
				558EAD872BE7E1A300613667 /* ContentView.swift in Sources */,
				558EAD852BE7E1A300613667 /* Basic_ViewsApp.swift in Sources */,
			);
			runOnlyForDeploymentPostprocessing = 0;
		};
		558EAD8D2BE7E1A500613667 /* Sources */ = {
			isa = PBXSourcesBuildPhase;
			buildActionMask = 2147483647;
			files = (
				558EAD962BE7E1A500613667 /* Basic_ViewsTests.swift in Sources */,
			);
			runOnlyForDeploymentPostprocessing = 0;
		};
		558EAD972BE7E1A500613667 /* Sources */ = {
			isa = PBXSourcesBuildPhase;
			buildActionMask = 2147483647;
			files = (
				558EADA22BE7E1A500613667 /* Basic_ViewsUITestsLaunchTests.swift in Sources */,
				558EADA02BE7E1A500613667 /* Basic_ViewsUITests.swift in Sources */,
			);
			runOnlyForDeploymentPostprocessing = 0;
		};
/* End PBXSourcesBuildPhase section */

/* Begin PBXTargetDependency section */
		558EAD932BE7E1A500613667 /* PBXTargetDependency */ = {
			isa = PBXTargetDependency;
			target = 558EAD802BE7E1A300613667 /* Basic Views */;
			targetProxy = 558EAD922BE7E1A500613667 /* PBXContainerItemProxy */;
		};
		558EAD9D2BE7E1A500613667 /* PBXTargetDependency */ = {
			isa = PBXTargetDependency;
			target = 558EAD802BE7E1A300613667 /* Basic Views */;
			targetProxy = 558EAD9C2BE7E1A500613667 /* PBXContainerItemProxy */;
		};
/* End PBXTargetDependency section */

/* Begin XCBuildConfiguration section */
		558EADA32BE7E1A500613667 /* Debug */ = {
			isa = XCBuildConfiguration;
			buildSettings = {
				ALWAYS_SEARCH_USER_PATHS = NO;
				ASSETCATALOG_COMPILER_GENERATE_SWIFT_ASSET_SYMBOL_EXTENSIONS = YES;
				CLANG_ANALYZER_NONNULL = YES;
				CLANG_ANALYZER_NUMBER_OBJECT_CONVERSION = YES_AGGRESSIVE;
				CLANG_CXX_LANGUAGE_STANDARD = "gnu++20";
				CLANG_ENABLE_MODULES = YES;
				CLANG_ENABLE_OBJC_ARC = YES;
				CLANG_ENABLE_OBJC_WEAK = YES;
				CLANG_WARN_BLOCK_CAPTURE_AUTORELEASING = YES;
				CLANG_WARN_BOOL_CONVERSION = YES;
				CLANG_WARN_COMMA = YES;
				CLANG_WARN_CONSTANT_CONVERSION = YES;
				CLANG_WARN_DEPRECATED_OBJC_IMPLEMENTATIONS = YES;
				CLANG_WARN_DIRECT_OBJC_ISA_USAGE = YES_ERROR;
				CLANG_WARN_DOCUMENTATION_COMMENTS = YES;
				CLANG_WARN_EMPTY_BODY = YES;
				CLANG_WARN_ENUM_CONVERSION = YES;
				CLANG_WARN_INFINITE_RECURSION = YES;
				CLANG_WARN_INT_CONVERSION = YES;
				CLANG_WARN_NON_LITERAL_NULL_CONVERSION = YES;
				CLANG_WARN_OBJC_IMPLICIT_RETAIN_SELF = YES;
				CLANG_WARN_OBJC_LITERAL_CONVERSION = YES;
				CLANG_WARN_OBJC_ROOT_CLASS = YES_ERROR;
				CLANG_WARN_QUOTED_INCLUDE_IN_FRAMEWORK_HEADER = YES;
				CLANG_WARN_RANGE_LOOP_ANALYSIS = YES;
				CLANG_WARN_STRICT_PROTOTYPES = YES;
				CLANG_WARN_SUSPICIOUS_MOVE = YES;
				CLANG_WARN_UNGUARDED_AVAILABILITY = YES_AGGRESSIVE;
				CLANG_WARN_UNREACHABLE_CODE = YES;
				CLANG_WARN__DUPLICATE_METHOD_MATCH = YES;
				COPY_PHASE_STRIP = NO;
				DEBUG_INFORMATION_FORMAT = dwarf;
				ENABLE_STRICT_OBJC_MSGSEND = YES;
				ENABLE_TESTABILITY = YES;
				ENABLE_USER_SCRIPT_SANDBOXING = YES;
				GCC_C_LANGUAGE_STANDARD = gnu17;
				GCC_DYNAMIC_NO_PIC = NO;
				GCC_NO_COMMON_BLOCKS = YES;
				GCC_OPTIMIZATION_LEVEL = 0;
				GCC_PREPROCESSOR_DEFINITIONS = (
					"DEBUG=1",
					"$(inherited)",
				);
				GCC_WARN_64_TO_32_BIT_CONVERSION = YES;
				GCC_WARN_ABOUT_RETURN_TYPE = YES_ERROR;
				GCC_WARN_UNDECLARED_SELECTOR = YES;
				GCC_WARN_UNINITIALIZED_AUTOS = YES_AGGRESSIVE;
				GCC_WARN_UNUSED_FUNCTION = YES;
				GCC_WARN_UNUSED_VARIABLE = YES;
				IPHONEOS_DEPLOYMENT_TARGET = 17.2;
				LOCALIZATION_PREFERS_STRING_CATALOGS = YES;
				MTL_ENABLE_DEBUG_INFO = INCLUDE_SOURCE;
				MTL_FAST_MATH = YES;
				ONLY_ACTIVE_ARCH = YES;
				SDKROOT = iphoneos;
				SWIFT_ACTIVE_COMPILATION_CONDITIONS = "DEBUG $(inherited)";
				SWIFT_OPTIMIZATION_LEVEL = "-Onone";
			};
			name = Debug;
		};
		558EADA42BE7E1A500613667 /* Release */ = {
			isa = XCBuildConfiguration;
			buildSettings = {
				ALWAYS_SEARCH_USER_PATHS = NO;
				ASSETCATALOG_COMPILER_GENERATE_SWIFT_ASSET_SYMBOL_EXTENSIONS = YES;
				CLANG_ANALYZER_NONNULL = YES;
				CLANG_ANALYZER_NUMBER_OBJECT_CONVERSION = YES_AGGRESSIVE;
				CLANG_CXX_LANGUAGE_STANDARD = "gnu++20";
				CLANG_ENABLE_MODULES = YES;
				CLANG_ENABLE_OBJC_ARC = YES;
				CLANG_ENABLE_OBJC_WEAK = YES;
				CLANG_WARN_BLOCK_CAPTURE_AUTORELEASING = YES;
				CLANG_WARN_BOOL_CONVERSION = YES;
				CLANG_WARN_COMMA = YES;
				CLANG_WARN_CONSTANT_CONVERSION = YES;
				CLANG_WARN_DEPRECATED_OBJC_IMPLEMENTATIONS = YES;
				CLANG_WARN_DIRECT_OBJC_ISA_USAGE = YES_ERROR;
				CLANG_WARN_DOCUMENTATION_COMMENTS = YES;
				CLANG_WARN_EMPTY_BODY = YES;
				CLANG_WARN_ENUM_CONVERSION = YES;
				CLANG_WARN_INFINITE_RECURSION = YES;
				CLANG_WARN_INT_CONVERSION = YES;
				CLANG_WARN_NON_LITERAL_NULL_CONVERSION = YES;
				CLANG_WARN_OBJC_IMPLICIT_RETAIN_SELF = YES;
				CLANG_WARN_OBJC_LITERAL_CONVERSION = YES;
				CLANG_WARN_OBJC_ROOT_CLASS = YES_ERROR;
				CLANG_WARN_QUOTED_INCLUDE_IN_FRAMEWORK_HEADER = YES;
				CLANG_WARN_RANGE_LOOP_ANALYSIS = YES;
				CLANG_WARN_STRICT_PROTOTYPES = YES;
				CLANG_WARN_SUSPICIOUS_MOVE = YES;
				CLANG_WARN_UNGUARDED_AVAILABILITY = YES_AGGRESSIVE;
				CLANG_WARN_UNREACHABLE_CODE = YES;
				CLANG_WARN__DUPLICATE_METHOD_MATCH = YES;
				COPY_PHASE_STRIP = NO;
				DEBUG_INFORMATION_FORMAT = "dwarf-with-dsym";
				ENABLE_NS_ASSERTIONS = NO;
				ENABLE_STRICT_OBJC_MSGSEND = YES;
				ENABLE_USER_SCRIPT_SANDBOXING = YES;
				GCC_C_LANGUAGE_STANDARD = gnu17;
				GCC_NO_COMMON_BLOCKS = YES;
				GCC_WARN_64_TO_32_BIT_CONVERSION = YES;
				GCC_WARN_ABOUT_RETURN_TYPE = YES_ERROR;
				GCC_WARN_UNDECLARED_SELECTOR = YES;
				GCC_WARN_UNINITIALIZED_AUTOS = YES_AGGRESSIVE;
				GCC_WARN_UNUSED_FUNCTION = YES;
				GCC_WARN_UNUSED_VARIABLE = YES;
				IPHONEOS_DEPLOYMENT_TARGET = 17.2;
				LOCALIZATION_PREFERS_STRING_CATALOGS = YES;
				MTL_ENABLE_DEBUG_INFO = NO;
				MTL_FAST_MATH = YES;
				SDKROOT = iphoneos;
				SWIFT_COMPILATION_MODE = wholemodule;
				VALIDATE_PRODUCT = YES;
			};
			name = Release;
		};
		558EADA62BE7E1A500613667 /* Debug */ = {
			isa = XCBuildConfiguration;
			buildSettings = {
				ASSETCATALOG_COMPILER_APPICON_NAME = AppIcon;
				ASSETCATALOG_COMPILER_GLOBAL_ACCENT_COLOR_NAME = AccentColor;
				CODE_SIGN_STYLE = Automatic;
				CURRENT_PROJECT_VERSION = 1;
				DEVELOPMENT_ASSET_PATHS = "\"Basic Views/Preview Content\"";
				ENABLE_PREVIEWS = YES;
				GENERATE_INFOPLIST_FILE = YES;
				INFOPLIST_KEY_UIApplicationSceneManifest_Generation = YES;
				INFOPLIST_KEY_UIApplicationSupportsIndirectInputEvents = YES;
				INFOPLIST_KEY_UILaunchScreen_Generation = YES;
				INFOPLIST_KEY_UISupportedInterfaceOrientations_iPad = "UIInterfaceOrientationPortrait UIInterfaceOrientationPortraitUpsideDown UIInterfaceOrientationLandscapeLeft UIInterfaceOrientationLandscapeRight";
				INFOPLIST_KEY_UISupportedInterfaceOrientations_iPhone = "UIInterfaceOrientationPortrait UIInterfaceOrientationLandscapeLeft UIInterfaceOrientationLandscapeRight";
				LD_RUNPATH_SEARCH_PATHS = (
					"$(inherited)",
					"@executable_path/Frameworks",
				);
				MARKETING_VERSION = 1.0;
				PRODUCT_BUNDLE_IDENTIFIER = "com.decision01.tutorial.Basic-Views";
				PRODUCT_NAME = "$(TARGET_NAME)";
				SWIFT_EMIT_LOC_STRINGS = YES;
				SWIFT_VERSION = 5.0;
				TARGETED_DEVICE_FAMILY = "1,2";
			};
			name = Debug;
		};
		558EADA72BE7E1A500613667 /* Release */ = {
			isa = XCBuildConfiguration;
			buildSettings = {
				ASSETCATALOG_COMPILER_APPICON_NAME = AppIcon;
				ASSETCATALOG_COMPILER_GLOBAL_ACCENT_COLOR_NAME = AccentColor;
				CODE_SIGN_STYLE = Automatic;
				CURRENT_PROJECT_VERSION = 1;
				DEVELOPMENT_ASSET_PATHS = "\"Basic Views/Preview Content\"";
				ENABLE_PREVIEWS = YES;
				GENERATE_INFOPLIST_FILE = YES;
				INFOPLIST_KEY_UIApplicationSceneManifest_Generation = YES;
				INFOPLIST_KEY_UIApplicationSupportsIndirectInputEvents = YES;
				INFOPLIST_KEY_UILaunchScreen_Generation = YES;
				INFOPLIST_KEY_UISupportedInterfaceOrientations_iPad = "UIInterfaceOrientationPortrait UIInterfaceOrientationPortraitUpsideDown UIInterfaceOrientationLandscapeLeft UIInterfaceOrientationLandscapeRight";
				INFOPLIST_KEY_UISupportedInterfaceOrientations_iPhone = "UIInterfaceOrientationPortrait UIInterfaceOrientationLandscapeLeft UIInterfaceOrientationLandscapeRight";
				LD_RUNPATH_SEARCH_PATHS = (
					"$(inherited)",
					"@executable_path/Frameworks",
				);
				MARKETING_VERSION = 1.0;
				PRODUCT_BUNDLE_IDENTIFIER = "com.decision01.tutorial.Basic-Views";
				PRODUCT_NAME = "$(TARGET_NAME)";
				SWIFT_EMIT_LOC_STRINGS = YES;
				SWIFT_VERSION = 5.0;
				TARGETED_DEVICE_FAMILY = "1,2";
			};
			name = Release;
		};
		558EADA92BE7E1A500613667 /* Debug */ = {
			isa = XCBuildConfiguration;
			buildSettings = {
				ALWAYS_EMBED_SWIFT_STANDARD_LIBRARIES = YES;
				BUNDLE_LOADER = "$(TEST_HOST)";
				CODE_SIGN_STYLE = Automatic;
				CURRENT_PROJECT_VERSION = 1;
				GENERATE_INFOPLIST_FILE = YES;
				IPHONEOS_DEPLOYMENT_TARGET = 17.2;
				MARKETING_VERSION = 1.0;
				PRODUCT_BUNDLE_IDENTIFIER = "com.decision01.tutorial.Basic-ViewsTests";
				PRODUCT_NAME = "$(TARGET_NAME)";
				SWIFT_EMIT_LOC_STRINGS = NO;
				SWIFT_VERSION = 5.0;
				TARGETED_DEVICE_FAMILY = "1,2";
				TEST_HOST = "$(BUILT_PRODUCTS_DIR)/Basic Views.app/$(BUNDLE_EXECUTABLE_FOLDER_PATH)/Basic Views";
			};
			name = Debug;
		};
		558EADAA2BE7E1A500613667 /* Release */ = {
			isa = XCBuildConfiguration;
			buildSettings = {
				ALWAYS_EMBED_SWIFT_STANDARD_LIBRARIES = YES;
				BUNDLE_LOADER = "$(TEST_HOST)";
				CODE_SIGN_STYLE = Automatic;
				CURRENT_PROJECT_VERSION = 1;
				GENERATE_INFOPLIST_FILE = YES;
				IPHONEOS_DEPLOYMENT_TARGET = 17.2;
				MARKETING_VERSION = 1.0;
				PRODUCT_BUNDLE_IDENTIFIER = "com.decision01.tutorial.Basic-ViewsTests";
				PRODUCT_NAME = "$(TARGET_NAME)";
				SWIFT_EMIT_LOC_STRINGS = NO;
				SWIFT_VERSION = 5.0;
				TARGETED_DEVICE_FAMILY = "1,2";
				TEST_HOST = "$(BUILT_PRODUCTS_DIR)/Basic Views.app/$(BUNDLE_EXECUTABLE_FOLDER_PATH)/Basic Views";
			};
			name = Release;
		};
		558EADAC2BE7E1A500613667 /* Debug */ = {
			isa = XCBuildConfiguration;
			buildSettings = {
				ALWAYS_EMBED_SWIFT_STANDARD_LIBRARIES = YES;
				CODE_SIGN_STYLE = Automatic;
				CURRENT_PROJECT_VERSION = 1;
				GENERATE_INFOPLIST_FILE = YES;
				MARKETING_VERSION = 1.0;
				PRODUCT_BUNDLE_IDENTIFIER = "com.decision01.tutorial.Basic-ViewsUITests";
				PRODUCT_NAME = "$(TARGET_NAME)";
				SWIFT_EMIT_LOC_STRINGS = NO;
				SWIFT_VERSION = 5.0;
				TARGETED_DEVICE_FAMILY = "1,2";
				TEST_TARGET_NAME = "Basic Views";
			};
			name = Debug;
		};
		558EADAD2BE7E1A500613667 /* Release */ = {
			isa = XCBuildConfiguration;
			buildSettings = {
				ALWAYS_EMBED_SWIFT_STANDARD_LIBRARIES = YES;
				CODE_SIGN_STYLE = Automatic;
				CURRENT_PROJECT_VERSION = 1;
				GENERATE_INFOPLIST_FILE = YES;
				MARKETING_VERSION = 1.0;
				PRODUCT_BUNDLE_IDENTIFIER = "com.decision01.tutorial.Basic-ViewsUITests";
				PRODUCT_NAME = "$(TARGET_NAME)";
				SWIFT_EMIT_LOC_STRINGS = NO;
				SWIFT_VERSION = 5.0;
				TARGETED_DEVICE_FAMILY = "1,2";
				TEST_TARGET_NAME = "Basic Views";
			};
			name = Release;
		};
/* End XCBuildConfiguration section */

/* Begin XCConfigurationList section */
		558EAD7C2BE7E1A300613667 /* Build configuration list for PBXProject "Basic Views" */ = {
			isa = XCConfigurationList;
			buildConfigurations = (
				558EADA32BE7E1A500613667 /* Debug */,
				558EADA42BE7E1A500613667 /* Release */,
			);
			defaultConfigurationIsVisible = 0;
			defaultConfigurationName = Release;
		};
		558EADA52BE7E1A500613667 /* Build configuration list for PBXNativeTarget "Basic Views" */ = {
			isa = XCConfigurationList;
			buildConfigurations = (
				558EADA62BE7E1A500613667 /* Debug */,
				558EADA72BE7E1A500613667 /* Release */,
			);
			defaultConfigurationIsVisible = 0;
			defaultConfigurationName = Release;
		};
		558EADA82BE7E1A500613667 /* Build configuration list for PBXNativeTarget "Basic ViewsTests" */ = {
			isa = XCConfigurationList;
			buildConfigurations = (
				558EADA92BE7E1A500613667 /* Debug */,
				558EADAA2BE7E1A500613667 /* Release */,
			);
			defaultConfigurationIsVisible = 0;
			defaultConfigurationName = Release;
		};
		558EADAB2BE7E1A500613667 /* Build configuration list for PBXNativeTarget "Basic ViewsUITests" */ = {
			isa = XCConfigurationList;
			buildConfigurations = (
				558EADAC2BE7E1A500613667 /* Debug */,
				558EADAD2BE7E1A500613667 /* Release */,
			);
			defaultConfigurationIsVisible = 0;
			defaultConfigurationName = Release;
		};
/* End XCConfigurationList section */
	};
	rootObject = 558EAD792BE7E1A300613667 /* Project object */;
}
